
Microsoft Visual Studio Solution File, Format Version 12.00
# Visual Studio Version 17
VisualStudioVersion = 17.11.35327.3
MinimumVisualStudioVersion = 10.0.40219.1
Project("{9A19103F-16F7-4668-BE54-9A1E7A4F7556}") = "01. ReverseAString", "01. ReverseAString\01. ReverseAString.csproj", "{57CB1236-1952-452E-8DFE-CBB7BDF14367}"
EndProject
Project("{9A19103F-16F7-4668-BE54-9A1E7A4F7556}") = "02. StackSum", "02. StackSum\02. StackSum.csproj", "{ACC8BA11-6186-4791-8BA3-E5CD3CD24681}"
EndProject
Project("{9A19103F-16F7-4668-BE54-9A1E7A4F7556}") = "03. SimpleCalculator", "03. SimpleCalculator\03. SimpleCalculator.csproj", "{3D4E7D40-C537-4440-969D-A241F52B7277}"
EndProject
Project("{9A19103F-16F7-4668-BE54-9A1E7A4F7556}") = "04. MatchingBrackets", "04. MatchingBrackets\04. MatchingBrackets.csproj", "{C9E04506-D4C1-446E-AB7E-E780944CECB4}"
EndProject
Project("{9A19103F-16F7-4668-BE54-9A1E7A4F7556}") = "05. PrintEvenNumbers", "05. PrintEvenNumbers\05. PrintEvenNumbers.csproj", "{5C2A9AAE-3101-4AC5-9009-198659729A7B}"
EndProject
Project("{9A19103F-16F7-4668-BE54-9A1E7A4F7556}") = "06. Supermarket", "06. Supermarket\06. Supermarket.csproj", "{01D657E6-97F9-46A6-B28E-970F3634DDA4}"
EndProject
Project("{9A19103F-16F7-4668-BE54-9A1E7A4F7556}") = "07. HotPotato", "07. HotPotato\07. HotPotato.csproj", "{28DC4C04-6833-488D-8EDD-92037D62F464}"
EndProject
Project("{FAE04EC0-301F-11D3-BF4B-00C04F79EFBC}") = "08. TrafficJam", "08. TrafficJam\08. TrafficJam.csproj", "{615EB9D5-4CCC-4A6A-90DF-0B4275A98CB5}"
EndProject
Project("{FAE04EC0-301F-11D3-BF4B-00C04F79EFBC}") = "09. BasicStackOperations", "09. BasicStackOperations\09. BasicStackOperations.csproj", "{167B1F31-F34A-47A7-A1C2-938BF6F06715}"
EndProject
Project("{FAE04EC0-301F-11D3-BF4B-00C04F79EFBC}") = "10. BasicQueueOperations", "10. BasicQueueOperations\10. BasicQueueOperations.csproj", "{002F678C-E43C-4BD5-810E-56857F958215}"
EndProject
Project("{FAE04EC0-301F-11D3-BF4B-00C04F79EFBC}") = "11. MaximumAndMinimumElement", "11. MaximumAndMinimumElement\11. MaximumAndMinimumElement.csproj", "{7A700EB1-FB95-4F05-B5FD-020BFDFD3606}"
EndProject
Project("{FAE04EC0-301F-11D3-BF4B-00C04F79EFBC}") = "12. FastFood", "12. FastFood\12. FastFood.csproj", "{17B32E0C-A141-4250-B342-CD3C946A3C89}"
EndProject
Project("{FAE04EC0-301F-11D3-BF4B-00C04F79EFBC}") = "13. FashionBoutique", "13. FashionBoutique\13. FashionBoutique.csproj", "{5051F77E-5575-4D0B-B32E-45A1EB993C50}"
EndProject
Project("{FAE04EC0-301F-11D3-BF4B-00C04F79EFBC}") = "14. SongsQueue", "14. SongsQueue\14. SongsQueue.csproj", "{2F6335EA-8382-429D-BAF3-B2C4CDABC0FC}"
EndProject
Project("{FAE04EC0-301F-11D3-BF4B-00C04F79EFBC}") = "15. TruckTour", "15. TruckTour\15. TruckTour.csproj", "{2050C7B5-5130-4D75-A764-01A29C9FF656}"
EndProject
Project("{FAE04EC0-301F-11D3-BF4B-00C04F79EFBC}") = "16. BalancedParentheses", "16. BalancedParenthesis\16. BalancedParentheses.csproj", "{04C02AA6-5122-4C00-8B52-0166134AB5A9}"
EndProject
Global
	GlobalSection(SolutionConfigurationPlatforms) = preSolution
		Debug|Any CPU = Debug|Any CPU
		Release|Any CPU = Release|Any CPU
	EndGlobalSection
	GlobalSection(ProjectConfigurationPlatforms) = postSolution
		{57CB1236-1952-452E-8DFE-CBB7BDF14367}.Debug|Any CPU.ActiveCfg = Debug|Any CPU
		{57CB1236-1952-452E-8DFE-CBB7BDF14367}.Debug|Any CPU.Build.0 = Debug|Any CPU
		{57CB1236-1952-452E-8DFE-CBB7BDF14367}.Release|Any CPU.ActiveCfg = Release|Any CPU
		{57CB1236-1952-452E-8DFE-CBB7BDF14367}.Release|Any CPU.Build.0 = Release|Any CPU
		{ACC8BA11-6186-4791-8BA3-E5CD3CD24681}.Debug|Any CPU.ActiveCfg = Debug|Any CPU
		{ACC8BA11-6186-4791-8BA3-E5CD3CD24681}.Debug|Any CPU.Build.0 = Debug|Any CPU
		{ACC8BA11-6186-4791-8BA3-E5CD3CD24681}.Release|Any CPU.ActiveCfg = Release|Any CPU
		{ACC8BA11-6186-4791-8BA3-E5CD3CD24681}.Release|Any CPU.Build.0 = Release|Any CPU
		{3D4E7D40-C537-4440-969D-A241F52B7277}.Debug|Any CPU.ActiveCfg = Debug|Any CPU
		{3D4E7D40-C537-4440-969D-A241F52B7277}.Debug|Any CPU.Build.0 = Debug|Any CPU
		{3D4E7D40-C537-4440-969D-A241F52B7277}.Release|Any CPU.ActiveCfg = Release|Any CPU
		{3D4E7D40-C537-4440-969D-A241F52B7277}.Release|Any CPU.Build.0 = Release|Any CPU
		{C9E04506-D4C1-446E-AB7E-E780944CECB4}.Debug|Any CPU.ActiveCfg = Debug|Any CPU
		{C9E04506-D4C1-446E-AB7E-E780944CECB4}.Debug|Any CPU.Build.0 = Debug|Any CPU
		{C9E04506-D4C1-446E-AB7E-E780944CECB4}.Release|Any CPU.ActiveCfg = Release|Any CPU
		{C9E04506-D4C1-446E-AB7E-E780944CECB4}.Release|Any CPU.Build.0 = Release|Any CPU
		{5C2A9AAE-3101-4AC5-9009-198659729A7B}.Debug|Any CPU.ActiveCfg = Debug|Any CPU
		{5C2A9AAE-3101-4AC5-9009-198659729A7B}.Debug|Any CPU.Build.0 = Debug|Any CPU
		{5C2A9AAE-3101-4AC5-9009-198659729A7B}.Release|Any CPU.ActiveCfg = Release|Any CPU
		{5C2A9AAE-3101-4AC5-9009-198659729A7B}.Release|Any CPU.Build.0 = Release|Any CPU
		{01D657E6-97F9-46A6-B28E-970F3634DDA4}.Debug|Any CPU.ActiveCfg = Debug|Any CPU
		{01D657E6-97F9-46A6-B28E-970F3634DDA4}.Debug|Any CPU.Build.0 = Debug|Any CPU
		{01D657E6-97F9-46A6-B28E-970F3634DDA4}.Release|Any CPU.ActiveCfg = Release|Any CPU
		{01D657E6-97F9-46A6-B28E-970F3634DDA4}.Release|Any CPU.Build.0 = Release|Any CPU
		{28DC4C04-6833-488D-8EDD-92037D62F464}.Debug|Any CPU.ActiveCfg = Debug|Any CPU
		{28DC4C04-6833-488D-8EDD-92037D62F464}.Debug|Any CPU.Build.0 = Debug|Any CPU
		{28DC4C04-6833-488D-8EDD-92037D62F464}.Release|Any CPU.ActiveCfg = Release|Any CPU
		{28DC4C04-6833-488D-8EDD-92037D62F464}.Release|Any CPU.Build.0 = Release|Any CPU
		{615EB9D5-4CCC-4A6A-90DF-0B4275A98CB5}.Debug|Any CPU.ActiveCfg = Debug|Any CPU
		{615EB9D5-4CCC-4A6A-90DF-0B4275A98CB5}.Debug|Any CPU.Build.0 = Debug|Any CPU
		{615EB9D5-4CCC-4A6A-90DF-0B4275A98CB5}.Release|Any CPU.ActiveCfg = Release|Any CPU
		{615EB9D5-4CCC-4A6A-90DF-0B4275A98CB5}.Release|Any CPU.Build.0 = Release|Any CPU
		{167B1F31-F34A-47A7-A1C2-938BF6F06715}.Debug|Any CPU.ActiveCfg = Debug|Any CPU
		{167B1F31-F34A-47A7-A1C2-938BF6F06715}.Debug|Any CPU.Build.0 = Debug|Any CPU
		{167B1F31-F34A-47A7-A1C2-938BF6F06715}.Release|Any CPU.ActiveCfg = Release|Any CPU
		{167B1F31-F34A-47A7-A1C2-938BF6F06715}.Release|Any CPU.Build.0 = Release|Any CPU
		{002F678C-E43C-4BD5-810E-56857F958215}.Debug|Any CPU.ActiveCfg = Debug|Any CPU
		{002F678C-E43C-4BD5-810E-56857F958215}.Debug|Any CPU.Build.0 = Debug|Any CPU
		{002F678C-E43C-4BD5-810E-56857F958215}.Release|Any CPU.ActiveCfg = Release|Any CPU
		{002F678C-E43C-4BD5-810E-56857F958215}.Release|Any CPU.Build.0 = Release|Any CPU
		{7A700EB1-FB95-4F05-B5FD-020BFDFD3606}.Debug|Any CPU.ActiveCfg = Debug|Any CPU
		{7A700EB1-FB95-4F05-B5FD-020BFDFD3606}.Debug|Any CPU.Build.0 = Debug|Any CPU
		{7A700EB1-FB95-4F05-B5FD-020BFDFD3606}.Release|Any CPU.ActiveCfg = Release|Any CPU
		{7A700EB1-FB95-4F05-B5FD-020BFDFD3606}.Release|Any CPU.Build.0 = Release|Any CPU
		{17B32E0C-A141-4250-B342-CD3C946A3C89}.Debug|Any CPU.ActiveCfg = Debug|Any CPU
		{17B32E0C-A141-4250-B342-CD3C946A3C89}.Debug|Any CPU.Build.0 = Debug|Any CPU
		{17B32E0C-A141-4250-B342-CD3C946A3C89}.Release|Any CPU.ActiveCfg = Release|Any CPU
		{17B32E0C-A141-4250-B342-CD3C946A3C89}.Release|Any CPU.Build.0 = Release|Any CPU
		{5051F77E-5575-4D0B-B32E-45A1EB993C50}.Debug|Any CPU.ActiveCfg = Debug|Any CPU
		{5051F77E-5575-4D0B-B32E-45A1EB993C50}.Debug|Any CPU.Build.0 = Debug|Any CPU
		{5051F77E-5575-4D0B-B32E-45A1EB993C50}.Release|Any CPU.ActiveCfg = Release|Any CPU
		{5051F77E-5575-4D0B-B32E-45A1EB993C50}.Release|Any CPU.Build.0 = Release|Any CPU
		{2F6335EA-8382-429D-BAF3-B2C4CDABC0FC}.Debug|Any CPU.ActiveCfg = Debug|Any CPU
		{2F6335EA-8382-429D-BAF3-B2C4CDABC0FC}.Debug|Any CPU.Build.0 = Debug|Any CPU
		{2F6335EA-8382-429D-BAF3-B2C4CDABC0FC}.Release|Any CPU.ActiveCfg = Release|Any CPU
		{2F6335EA-8382-429D-BAF3-B2C4CDABC0FC}.Release|Any CPU.Build.0 = Release|Any CPU
		{2050C7B5-5130-4D75-A764-01A29C9FF656}.Debug|Any CPU.ActiveCfg = Debug|Any CPU
		{2050C7B5-5130-4D75-A764-01A29C9FF656}.Debug|Any CPU.Build.0 = Debug|Any CPU
		{2050C7B5-5130-4D75-A764-01A29C9FF656}.Release|Any CPU.ActiveCfg = Release|Any CPU
		{2050C7B5-5130-4D75-A764-01A29C9FF656}.Release|Any CPU.Build.0 = Release|Any CPU
		{04C02AA6-5122-4C00-8B52-0166134AB5A9}.Debug|Any CPU.ActiveCfg = Debug|Any CPU
		{04C02AA6-5122-4C00-8B52-0166134AB5A9}.Debug|Any CPU.Build.0 = Debug|Any CPU
		{04C02AA6-5122-4C00-8B52-0166134AB5A9}.Release|Any CPU.ActiveCfg = Release|Any CPU
		{04C02AA6-5122-4C00-8B52-0166134AB5A9}.Release|Any CPU.Build.0 = Release|Any CPU
	EndGlobalSection
	GlobalSection(SolutionProperties) = preSolution
		HideSolutionNode = FALSE
	EndGlobalSection
	GlobalSection(ExtensibilityGlobals) = postSolution
		SolutionGuid = {6A360A12-91F1-4535-B93D-5911B3652057}
	EndGlobalSection
EndGlobal
